// !$*UTF8*$!
{
	archiveVersion = 1;
	classes = {
	};
	objectVersion = 48;
	objects = {

/* Begin PBXBuildFile section */
		044CD99D2103211D008A89B8 /* AppDelegate.m in Sources */ = {isa = PBXBuildFile; fileRef = 044CD99C2103211D008A89B8 /* AppDelegate.m */; };
		044CD99F2103211D008A89B8 /* Assets.xcassets in Resources */ = {isa = PBXBuildFile; fileRef = 044CD99E2103211D008A89B8 /* Assets.xcassets */; };
		044CD9A22103211D008A89B8 /* MainMenu.xib in Resources */ = {isa = PBXBuildFile; fileRef = 044CD9A02103211D008A89B8 /* MainMenu.xib */; };
		044CD9A52103211D008A89B8 /* main.m in Sources */ = {isa = PBXBuildFile; fileRef = 044CD9A42103211D008A89B8 /* main.m */; };
/* End PBXBuildFile section */

/* Begin PBXFileReference section */
		044CD9982103211D008A89B8 /* QQProjectByLeon.app */ = {isa = PBXFileReference; explicitFileType = wrapper.application; includeInIndex = 0; path = QQProjectByLeon.app; sourceTree = BUILT_PRODUCTS_DIR; };
		044CD99B2103211D008A89B8 /* AppDelegate.h */ = {isa = PBXFileReference; lastKnownFileType = sourcecode.c.h; path = AppDelegate.h; sourceTree = "<group>"; };
		044CD99C2103211D008A89B8 /* AppDelegate.m */ = {isa = PBXFileReference; lastKnownFileType = sourcecode.c.objc; path = AppDelegate.m; sourceTree = "<group>"; };
		044CD99E2103211D008A89B8 /* Assets.xcassets */ = {isa = PBXFileReference; lastKnownFileType = folder.assetcatalog; path = Assets.xcassets; sourceTree = "<group>"; };
		044CD9A12103211D008A89B8 /* Base */ = {isa = PBXFileReference; lastKnownFileType = file.xib; name = Base; path = Base.lproj/MainMenu.xib; sourceTree = "<group>"; };
		044CD9A32103211D008A89B8 /* Info.plist */ = {isa = PBXFileReference; lastKnownFileType = text.plist.xml; path = Info.plist; sourceTree = "<group>"; };
		044CD9A42103211D008A89B8 /* main.m */ = {isa = PBXFileReference; lastKnownFileType = sourcecode.c.objc; path = main.m; sourceTree = "<group>"; };
		044CD9A62103211D008A89B8 /* QQProjectByLeon.entitlements */ = {isa = PBXFileReference; lastKnownFileType = text.plist.entitlements; path = QQProjectByLeon.entitlements; sourceTree = "<group>"; };
/* End PBXFileReference section */

/* Begin PBXFrameworksBuildPhase section */
		044CD9952103211D008A89B8 /* Frameworks */ = {
			isa = PBXFrameworksBuildPhase;
			buildActionMask = 2147483647;
			files = (
			);
			runOnlyForDeploymentPostprocessing = 0;
		};
/* End PBXFrameworksBuildPhase section */

/* Begin PBXGroup section */
		044CD98F2103211D008A89B8 = {
			isa = PBXGroup;
			children = (
				044CD99A2103211D008A89B8 /* QQProjectByLeon */,
				044CD9992103211D008A89B8 /* Products */,
			);
			sourceTree = "<group>";
		};
		044CD9992103211D008A89B8 /* Products */ = {
			isa = PBXGroup;
			children = (
				044CD9982103211D008A89B8 /* QQProjectByLeon.app */,
			);
			name = Products;
			sourceTree = "<group>";
		};
		044CD99A2103211D008A89B8 /* QQProjectByLeon */ = {
			isa = PBXGroup;
			children = (
				044CD99B2103211D008A89B8 /* AppDelegate.h */,
				044CD99C2103211D008A89B8 /* AppDelegate.m */,
				044CD99E2103211D008A89B8 /* Assets.xcassets */,
				044CD9A02103211D008A89B8 /* MainMenu.xib */,
				044CD9A32103211D008A89B8 /* Info.plist */,
				044CD9A42103211D008A89B8 /* main.m */,
				044CD9A62103211D008A89B8 /* QQProjectByLeon.entitlements */,
			);
			path = QQProjectByLeon;
			sourceTree = "<group>";
		};
/* End PBXGroup section */

/* Begin PBXNativeTarget section */
		044CD9972103211D008A89B8 /* QQProjectByLeon */ = {
			isa = PBXNativeTarget;
			buildConfigurationList = 044CD9A92103211D008A89B8 /* Build configuration list for PBXNativeTarget "QQProjectByLeon" */;
			buildPhases = (
				044CD9942103211D008A89B8 /* Sources */,
				044CD9952103211D008A89B8 /* Frameworks */,
				044CD9962103211D008A89B8 /* Resources */,
			);
			buildRules = (
			);
			dependencies = (
			);
			name = QQProjectByLeon;
			productName = QQProjectByLeon;
			productReference = 044CD9982103211D008A89B8 /* QQProjectByLeon.app */;
			productType = "com.apple.product-type.application";
		};
/* End PBXNativeTarget section */

/* Begin PBXProject section */
		044CD9902103211D008A89B8 /* Project object */ = {
			isa = PBXProject;
			attributes = {
				LastUpgradeCheck = 0920;
				ORGANIZATIONNAME = Leon.com;
				TargetAttributes = {
					044CD9972103211D008A89B8 = {
						CreatedOnToolsVersion = 9.2;
						ProvisioningStyle = Automatic;
					};
				};
			};
			buildConfigurationList = 044CD9932103211D008A89B8 /* Build configuration list for PBXProject "QQProjectByLeon" */;
			compatibilityVersion = "Xcode 8.0";
			developmentRegion = en;
			hasScannedForEncodings = 0;
			knownRegions = (
				en,
				Base,
			);
			mainGroup = 044CD98F2103211D008A89B8;
			productRefGroup = 044CD9992103211D008A89B8 /* Products */;
			projectDirPath = "";
			projectRoot = "";
			targets = (
				044CD9972103211D008A89B8 /* QQProjectByLeon */,
			);
		};
/* End PBXProject section */

/* Begin PBXResourcesBuildPhase section */
		044CD9962103211D008A89B8 /* Resources */ = {
			isa = PBXResourcesBuildPhase;
			buildActionMask = 2147483647;
			files = (
				044CD99F2103211D008A89B8 /* Assets.xcassets in Resources */,
				044CD9A22103211D008A89B8 /* MainMenu.xib in Resources */,
			);
			runOnlyForDeploymentPostprocessing = 0;
		};
/* End PBXResourcesBuildPhase section */

/* Begin PBXSourcesBuildPhase section */
		044CD9942103211D008A89B8 /* Sources */ = {
			isa = PBXSourcesBuildPhase;
			buildActionMask = 2147483647;
			files = (
				044CD9A52103211D008A89B8 /* main.m in Sources */,
				044CD99D2103211D008A89B8 /* AppDelegate.m in Sources */,
			);
			runOnlyForDeploymentPostprocessing = 0;
		};
/* End PBXSourcesBuildPhase section */

/* Begin PBXVariantGroup section */
		044CD9A02103211D008A89B8 /* MainMenu.xib */ = {
			isa = PBXVariantGroup;
			children = (
				044CD9A12103211D008A89B8 /* Base */,
			);
			name = MainMenu.xib;
			sourceTree = "<group>";
		};
/* End PBXVariantGroup section */

/* Begin XCBuildConfiguration section */
		044CD9A72103211D008A89B8 /* Debug */ = {
			isa = XCBuildConfiguration;
			buildSettings = {
				ALWAYS_SEARCH_USER_PATHS = NO;
				CLANG_ANALYZER_NONNULL = YES;
				CLANG_ANALYZER_NUMBER_OBJECT_CONVERSION = YES_AGGRESSIVE;
				CLANG_CXX_LANGUAGE_STANDARD = "gnu++14";
				CLANG_CXX_LIBRARY = "libc++";
				CLANG_ENABLE_MODULES = YES;
				CLANG_ENABLE_OBJC_ARC = YES;
				CLANG_WARN_BLOCK_CAPTURE_AUTORELEASING = YES;
				CLANG_WARN_BOOL_CONVERSION = YES;
				CLANG_WARN_COMMA = YES;
				CLANG_WARN_CONSTANT_CONVERSION = YES;
				CLANG_WARN_DIRECT_OBJC_ISA_USAGE = YES_ERROR;
				CLANG_WARN_DOCUMENTATION_COMMENTS = YES;
				CLANG_WARN_EMPTY_BODY = YES;
				CLANG_WARN_ENUM_CONVERSION = YES;
				CLANG_WARN_INFINITE_RECURSION = YES;
				CLANG_WARN_INT_CONVERSION = YES;
				CLANG_WARN_NON_LITERAL_NULL_CONVERSION = YES;
				CLANG_WARN_OBJC_LITERAL_CONVERSION = YES;
				CLANG_WARN_OBJC_ROOT_CLASS = YES_ERROR;
				CLANG_WARN_RANGE_LOOP_ANALYSIS = YES;
				CLANG_WARN_STRICT_PROTOTYPES = YES;
				CLANG_WARN_SUSPICIOUS_MOVE = YES;
				CLANG_WARN_UNGUARDED_AVAILABILITY = YES_AGGRESSIVE;
				CLANG_WARN_UNREACHABLE_CODE = YES;
				CLANG_WARN__DUPLICATE_METHOD_MATCH = YES;
				CODE_SIGN_IDENTITY = "-";
				COPY_PHASE_STRIP = NO;
				DEBUG_INFORMATION_FORMAT = dwarf;
				ENABLE_STRICT_OBJC_MSGSEND = YES;
				ENABLE_TESTABILITY = YES;
				GCC_C_LANGUAGE_STANDARD = gnu11;
				GCC_DYNAMIC_NO_PIC = NO;
				GCC_NO_COMMON_BLOCKS = YES;
				GCC_OPTIMIZATION_LEVEL = 0;
				GCC_PREPROCESSOR_DEFINITIONS = (
					"DEBUG=1",
					"$(inherited)",
				);
				GCC_WARN_64_TO_32_BIT_CONVERSION = YES;
				GCC_WARN_ABOUT_RETURN_TYPE = YES_ERROR;
				GCC_WARN_UNDECLARED_SELECTOR = YES;
				GCC_WARN_UNINITIALIZED_AUTOS = YES_AGGRESSIVE;
				GCC_WARN_UNUSED_FUNCTION = YES;
				GCC_WARN_UNUSED_VARIABLE = YES;
				MACOSX_DEPLOYMENT_TARGET = 10.13;
				MTL_ENABLE_DEBUG_INFO = YES;
				ONLY_ACTIVE_ARCH = YES;
				SDKROOT = macosx;
			};
			name = Debug;
		};
		044CD9A82103211D008A89B8 /* Release */ = {
			isa = XCBuildConfiguration;
			buildSettings = {
				ALWAYS_SEARCH_USER_PATHS = NO;
				CLANG_ANALYZER_NONNULL = YES;
				CLANG_ANALYZER_NUMBER_OBJECT_CONVERSION = YES_AGGRESSIVE;
				CLANG_CXX_LANGUAGE_STANDARD = "gnu++14";
				CLANG_CXX_LIBRARY = "libc++";
				CLANG_ENABLE_MODULES = YES;
				CLANG_ENABLE_OBJC_ARC = YES;
				CLANG_WARN_BLOCK_CAPTURE_AUTORELEASING = YES;
				CLANG_WARN_BOOL_CONVERSION = YES;
				CLANG_WARN_COMMA = YES;
				CLANG_WARN_CONSTANT_CONVERSION = YES;
				CLANG_WARN_DIRECT_OBJC_ISA_USAGE = YES_ERROR;
				CLANG_WARN_DOCUMENTATION_COMMENTS = YES;
				CLANG_WARN_EMPTY_BODY = YES;
				CLANG_WARN_ENUM_CONVERSION = YES;
				CLANG_WARN_INFINITE_RECURSION = YES;
				CLANG_WARN_INT_CONVERSION = YES;
				CLANG_WARN_NON_LITERAL_NULL_CONVERSION = YES;
				CLANG_WARN_OBJC_LITERAL_CONVERSION = YES;
				CLANG_WARN_OBJC_ROOT_CLASS = YES_ERROR;
				CLANG_WARN_RANGE_LOOP_ANALYSIS = YES;
				CLANG_WARN_STRICT_PROTOTYPES = YES;
				CLANG_WARN_SUSPICIOUS_MOVE = YES;
				CLANG_WARN_UNGUARDED_AVAILABILITY = YES_AGGRESSIVE;
				CLANG_WARN_UNREACHABLE_CODE = YES;
				CLANG_WARN__DUPLICATE_METHOD_MATCH = YES;
				CODE_SIGN_IDENTITY = "-";
				COPY_PHASE_STRIP = NO;
				DEBUG_INFORMATION_FORMAT = "dwarf-with-dsym";
				ENABLE_NS_ASSERTIONS = NO;
				ENABLE_STRICT_OBJC_MSGSEND = YES;
				GCC_C_LANGUAGE_STANDARD = gnu11;
				GCC_NO_COMMON_BLOCKS = YES;
				GCC_WARN_64_TO_32_BIT_CONVERSION = YES;
				GCC_WARN_ABOUT_RETURN_TYPE = YES_ERROR;
				GCC_WARN_UNDECLARED_SELECTOR = YES;
				GCC_WARN_UNINITIALIZED_AUTOS = YES_AGGRESSIVE;
				GCC_WARN_UNUSED_FUNCTION = YES;
				GCC_WARN_UNUSED_VARIABLE = YES;
				MACOSX_DEPLOYMENT_TARGET = 10.13;
				MTL_ENABLE_DEBUG_INFO = NO;
				SDKROOT = macosx;
			};
			name = Release;
		};
		044CD9AA2103211D008A89B8 /* Debug */ = {
			isa = XCBuildConfiguration;
			buildSettings = {
				ASSETCATALOG_COMPILER_APPICON_NAME = AppIcon;
				CODE_SIGN_ENTITLEMENTS = QQProjectByLeon/QQProjectByLeon.entitlements;
				CODE_SIGN_STYLE = Automatic;
				COMBINE_HIDPI_IMAGES = YES;
				INFOPLIST_FILE = QQProjectByLeon/Info.plist;
				LD_RUNPATH_SEARCH_PATHS = "$(inherited) @executable_path/../Frameworks";
				PRODUCT_BUNDLE_IDENTIFIER = Wu.QQProjectByLeon;
				PRODUCT_NAME = "$(TARGET_NAME)";
			};
			name = Debug;
		};
		044CD9AB2103211D008A89B8 /* Release */ = {
			isa = XCBuildConfiguration;
			buildSettings = {
				ASSETCATALOG_COMPILER_APPICON_NAME = AppIcon;
				CODE_SIGN_ENTITLEMENTS = QQProjectByLeon/QQProjectByLeon.entitlements;
				CODE_SIGN_STYLE = Automatic;
				COMBINE_HIDPI_IMAGES = YES;
				INFOPLIST_FILE = QQProjectByLeon/Info.plist;
				LD_RUNPATH_SEARCH_PATHS = "$(inherited) @executable_path/../Frameworks";
				PRODUCT_BUNDLE_IDENTIFIER = Wu.QQProjectByLeon;
				PRODUCT_NAME = "$(TARGET_NAME)";
			};
			name = Release;
		};
/* End XCBuildConfiguration section */

/* Begin XCConfigurationList section */
		044CD9932103211D008A89B8 /* Build configuration list for PBXProject "QQProjectByLeon" */ = {
			isa = XCConfigurationList;
			buildConfigurations = (
				044CD9A72103211D008A89B8 /* Debug */,
				044CD9A82103211D008A89B8 /* Release */,
			);
			defaultConfigurationIsVisible = 0;
			defaultConfigurationName = Release;
		};
		044CD9A92103211D008A89B8 /* Build configuration list for PBXNativeTarget "QQProjectByLeon" */ = {
			isa = XCConfigurationList;
			buildConfigurations = (
				044CD9AA2103211D008A89B8 /* Debug */,
				044CD9AB2103211D008A89B8 /* Release */,
			);
			defaultConfigurationIsVisible = 0;
			defaultConfigurationName = Release;
		};
/* End XCConfigurationList section */
	};
	rootObject = 044CD9902103211D008A89B8 /* Project object */;
}
